schema: '2.0'
stages:
  data_ingestion:
    cmd: python src/data_ingestion.py
    deps:
    - path: src/data_ingestion.py
      hash: md5
      md5: 55fbd42b2f47211b3fd4722d60464abd
      size: 3385
    outs:
    - path: data/raw
      hash: md5
      md5: 1a287d34dc172d9f950c03dae35f7e73.dir
      size: 484846
      nfiles: 2
  data_preprocessing:
    cmd: python src/data_preprocessing.py
    deps:
    - path: data/raw
      hash: md5
      md5: 1a287d34dc172d9f950c03dae35f7e73.dir
      size: 484846
      nfiles: 2
    - path: src/data_preprocessing.py
      hash: md5
      md5: 1e69d4c890a7b1125bd29ce32b025c72
      size: 3148
    outs:
    - path: data/interim
      hash: md5
      md5: d99be5cb2b019d747166f90739fa6d08.dir
      size: 260073
      nfiles: 2
  feature_engineering:
    cmd: python src/feature_engineering.py
    deps:
    - path: data/interim
      hash: md5
      md5: d99be5cb2b019d747166f90739fa6d08.dir
      size: 260073
      nfiles: 2
    - path: src/feature_engineering.py
      hash: md5
      md5: 59dc3fcfa86c551f6b4cecb7d9e58088
      size: 4224
    params:
      params.yaml:
        feature_engineering.max_features: 50
    outs:
    - path: data/processed
      hash: md5
      md5: c0d85ddb7ab99b6171fc723bffeee71f.dir
      size: 1180012
      nfiles: 2
  model_training:
    cmd: python src/model_training.py
    deps:
    - path: data/processed
      hash: md5
      md5: c0d85ddb7ab99b6171fc723bffeee71f.dir
      size: 1180012
      nfiles: 2
    - path: src/model_training.py
      hash: md5
      md5: fd7c50d7b023009ffb0b8bfabdbe88c8
      size: 4281
    outs:
    - path: models/model.pkl
      hash: md5
      md5: cc53954c96398365c9887371796a6f38
      size: 899326
  model_evaluation:
    cmd: python src/model_evaluation.py
    deps:
    - path: models/model.pkl
      hash: md5
      md5: cc53954c96398365c9887371796a6f38
      size: 899326
    - path: src/model_evaluation.py
      hash: md5
      md5: 866f8d59785a98bb43f755f7d9ec8214
      size: 4451
    outs:
    - path: reports/metrics.json
      hash: md5
      md5: eac6afc8901064a391e7366797af3727
      size: 145
